
Microsoft Visual Studio Solution File, Format Version 12.00
# Visual Studio Version 16
VisualStudioVersion = 16.0.28922.388
MinimumVisualStudioVersion = 10.0.40219.1
Project("{FAE04EC0-301F-11D3-BF4B-00C04F79EFBC}") = "Taschenrechner_Henze", "Taschenrechner_Henze\Taschenrechner_Henze.csproj", "{C97F8952-5BF6-42D0-B962-5EC383BB047E}"
EndProject
Global
	GlobalSection(SolutionConfigurationPlatforms) = preSolution
		Debug|Any CPU = Debug|Any CPU
		Release|Any CPU = Release|Any CPU
	EndGlobalSection
	GlobalSection(ProjectConfigurationPlatforms) = postSolution
		{C97F8952-5BF6-42D0-B962-5EC383BB047E}.Debug|Any CPU.ActiveCfg = Debug|Any CPU
		{C97F8952-5BF6-42D0-B962-5EC383BB047E}.Debug|Any CPU.Build.0 = Debug|Any CPU
		{C97F8952-5BF6-42D0-B962-5EC383BB047E}.Release|Any CPU.ActiveCfg = Release|Any CPU
		{C97F8952-5BF6-42D0-B962-5EC383BB047E}.Release|Any CPU.Build.0 = Release|Any CPU
	EndGlobalSection
	GlobalSection(SolutionProperties) = preSolution
		HideSolutionNode = FALSE
	EndGlobalSection
	GlobalSection(ExtensibilityGlobals) = postSolution
		SolutionGuid = {ED5019A8-A55D-499E-9B2B-698C5EBED15F}
	EndGlobalSection
EndGlobal
